
Microsoft Visual Studio Solution File, Format Version 12.00
# Visual Studio Version 17
VisualStudioVersion = 17.9.34310.174
MinimumVisualStudioVersion = 10.0.40219.1
Project("{FAE04EC0-301F-11D3-BF4B-00C04F79EFBC}") = "M7BookAPI", "M7BookAPI\M7BookAPI.csproj", "{8C46B493-76F8-4665-A935-007A4C5D55CE}"
EndProject
Global
	GlobalSection(SolutionConfigurationPlatforms) = preSolution
		Debug|Any CPU = Debug|Any CPU
		Release|Any CPU = Release|Any CPU
	EndGlobalSection
	GlobalSection(ProjectConfigurationPlatforms) = postSolution
		{8C46B493-76F8-4665-A935-007A4C5D55CE}.Debug|Any CPU.ActiveCfg = Debug|Any CPU
		{8C46B493-76F8-4665-A935-007A4C5D55CE}.Debug|Any CPU.Build.0 = Debug|Any CPU
		{8C46B493-76F8-4665-A935-007A4C5D55CE}.Release|Any CPU.ActiveCfg = Release|Any CPU
		{8C46B493-76F8-4665-A935-007A4C5D55CE}.Release|Any CPU.Build.0 = Release|Any CPU
	EndGlobalSection
	GlobalSection(SolutionProperties) = preSolution
		HideSolutionNode = FALSE
	EndGlobalSection
	GlobalSection(ExtensibilityGlobals) = postSolution
		SolutionGuid = {7B190472-D800-4495-82D7-7543F58437A9}
	EndGlobalSection
EndGlobal
